// !$*UTF8*$!
{
	archiveVersion = 1;
	classes = {
	};
	objectVersion = 46;
	objects = {

/* Begin PBXBuildFile section */
		CF2EC83017BAC4F500CADDD2 /* optional.cpp in Sources */ = {isa = PBXBuildFile; fileRef = CF2EC82F17BAC4F500CADDD2 /* optional.cpp */; };
		CF565B5917B91519000A4EDD /* main.cpp in Sources */ = {isa = PBXBuildFile; fileRef = CF565B5817B91519000A4EDD /* main.cpp */; };
		CF565B5E17B91CAF000A4EDD /* string_view.cpp in Sources */ = {isa = PBXBuildFile; fileRef = CF565B5D17B91CAF000A4EDD /* string_view.cpp */; };
		CFAC469A19DF25EA00725AC5 /* tuple.cpp in Sources */ = {isa = PBXBuildFile; fileRef = CFAC469919DF25EA00725AC5 /* tuple.cpp */; };
		CFAC8F4919DA6F3200A7E3C4 /* gmock-all.cc in Sources */ = {isa = PBXBuildFile; fileRef = CFAC8F4819DA6F3200A7E3C4 /* gmock-all.cc */; };
		CFAC8F4B19DA6F3F00A7E3C4 /* gtest-all.cc in Sources */ = {isa = PBXBuildFile; fileRef = CFAC8F4A19DA6F3F00A7E3C4 /* gtest-all.cc */; };
/* End PBXBuildFile section */

/* Begin PBXCopyFilesBuildPhase section */
		CF565A9717B8F151000A4EDD /* CopyFiles */ = {
			isa = PBXCopyFilesBuildPhase;
			buildActionMask = 2147483647;
			dstPath = /usr/share/man/man1/;
			dstSubfolderSpec = 0;
			files = (
			);
			runOnlyForDeploymentPostprocessing = 1;
		};
/* End PBXCopyFilesBuildPhase section */

/* Begin PBXFileReference section */
		CF2EC82F17BAC4F500CADDD2 /* optional.cpp */ = {isa = PBXFileReference; fileEncoding = 4; lastKnownFileType = sourcecode.cpp.cpp; path = optional.cpp; sourceTree = "<group>"; };
		CF565A9917B8F151000A4EDD /* xtd-test */ = {isa = PBXFileReference; explicitFileType = "compiled.mach-o.executable"; includeInIndex = 0; path = "xtd-test"; sourceTree = BUILT_PRODUCTS_DIR; };
		CF565B5317B90AD5000A4EDD /* memory.cpp */ = {isa = PBXFileReference; fileEncoding = 4; lastKnownFileType = sourcecode.cpp.cpp; path = memory.cpp; sourceTree = "<group>"; };
		CF565B5817B91519000A4EDD /* main.cpp */ = {isa = PBXFileReference; fileEncoding = 4; lastKnownFileType = sourcecode.cpp.cpp; path = main.cpp; sourceTree = "<group>"; };
		CF565B5A17B915A9000A4EDD /* iomanip.cpp */ = {isa = PBXFileReference; fileEncoding = 4; lastKnownFileType = sourcecode.cpp.cpp; path = iomanip.cpp; sourceTree = "<group>"; };
		CF565B5D17B91CAF000A4EDD /* string_view.cpp */ = {isa = PBXFileReference; fileEncoding = 4; lastKnownFileType = sourcecode.cpp.cpp; path = string_view.cpp; sourceTree = "<group>"; };
		CFAC469819DF24C200725AC5 /* tuple.hpp */ = {isa = PBXFileReference; lastKnownFileType = sourcecode.cpp.h; path = tuple.hpp; sourceTree = "<group>"; };
		CFAC469919DF25EA00725AC5 /* tuple.cpp */ = {isa = PBXFileReference; fileEncoding = 4; lastKnownFileType = sourcecode.cpp.cpp; path = tuple.cpp; sourceTree = "<group>"; };
		CFAC8F4019DA2FFE00A7E3C4 /* array_view.hpp */ = {isa = PBXFileReference; fileEncoding = 4; lastKnownFileType = sourcecode.cpp.h; path = array_view.hpp; sourceTree = "<group>"; };
		CFAC8F4119DA2FFE00A7E3C4 /* iomanip.hpp */ = {isa = PBXFileReference; fileEncoding = 4; lastKnownFileType = sourcecode.cpp.h; path = iomanip.hpp; sourceTree = "<group>"; };
		CFAC8F4219DA2FFE00A7E3C4 /* memory.hpp */ = {isa = PBXFileReference; fileEncoding = 4; lastKnownFileType = sourcecode.cpp.h; path = memory.hpp; sourceTree = "<group>"; };
		CFAC8F4319DA2FFE00A7E3C4 /* meta.hpp */ = {isa = PBXFileReference; fileEncoding = 4; lastKnownFileType = sourcecode.cpp.h; path = meta.hpp; sourceTree = "<group>"; };
		CFAC8F4419DA2FFE00A7E3C4 /* optional.hpp */ = {isa = PBXFileReference; fileEncoding = 4; lastKnownFileType = sourcecode.cpp.h; path = optional.hpp; sourceTree = "<group>"; };
		CFAC8F4519DA2FFE00A7E3C4 /* string_view.hpp */ = {isa = PBXFileReference; fileEncoding = 4; lastKnownFileType = sourcecode.cpp.h; path = string_view.hpp; sourceTree = "<group>"; };
		CFAC8F4819DA6F3200A7E3C4 /* gmock-all.cc */ = {isa = PBXFileReference; fileEncoding = 4; lastKnownFileType = sourcecode.cpp.cpp; name = "gmock-all.cc"; path = "../utils/gmock/src/gmock-all.cc"; sourceTree = "<group>"; };
		CFAC8F4A19DA6F3F00A7E3C4 /* gtest-all.cc */ = {isa = PBXFileReference; fileEncoding = 4; lastKnownFileType = sourcecode.cpp.cpp; name = "gtest-all.cc"; path = "../utils/gmock/gtest/src/gtest-all.cc"; sourceTree = "<group>"; };
/* End PBXFileReference section */

/* Begin PBXFrameworksBuildPhase section */
		CF565A9617B8F151000A4EDD /* Frameworks */ = {
			isa = PBXFrameworksBuildPhase;
			buildActionMask = 2147483647;
			files = (
			);
			runOnlyForDeploymentPostprocessing = 0;
		};
/* End PBXFrameworksBuildPhase section */

/* Begin PBXGroup section */
		CF565A9017B8F151000A4EDD = {
			isa = PBXGroup;
			children = (
				CF565B5117B90ABA000A4EDD /* test */,
				CF565AA517B8F182000A4EDD /* xtd */,
				CF565A9A17B8F151000A4EDD /* Products */,
			);
			sourceTree = "<group>";
		};
		CF565A9A17B8F151000A4EDD /* Products */ = {
			isa = PBXGroup;
			children = (
				CF565A9917B8F151000A4EDD /* xtd-test */,
			);
			name = Products;
			sourceTree = "<group>";
		};
		CF565AA517B8F182000A4EDD /* xtd */ = {
			isa = PBXGroup;
			children = (
				CFAC8F4019DA2FFE00A7E3C4 /* array_view.hpp */,
				CFAC8F4119DA2FFE00A7E3C4 /* iomanip.hpp */,
				CFAC8F4219DA2FFE00A7E3C4 /* memory.hpp */,
				CFAC8F4319DA2FFE00A7E3C4 /* meta.hpp */,
				CFAC8F4419DA2FFE00A7E3C4 /* optional.hpp */,
				CFAC8F4519DA2FFE00A7E3C4 /* string_view.hpp */,
				CFAC469819DF24C200725AC5 /* tuple.hpp */,
			);
			name = xtd;
			path = ../../../xtd;
			sourceTree = "<group>";
		};
		CF565B5117B90ABA000A4EDD /* test */ = {
			isa = PBXGroup;
			children = (
				CFAC8F4A19DA6F3F00A7E3C4 /* gtest-all.cc */,
				CFAC8F4819DA6F3200A7E3C4 /* gmock-all.cc */,
				CF565B5817B91519000A4EDD /* main.cpp */,
				CF565B5217B90ABA000A4EDD /* xtd */,
			);
			name = test;
			path = ../../../test;
			sourceTree = "<group>";
		};
		CF565B5217B90ABA000A4EDD /* xtd */ = {
			isa = PBXGroup;
			children = (
				CF565B5A17B915A9000A4EDD /* iomanip.cpp */,
				CF565B5317B90AD5000A4EDD /* memory.cpp */,
				CF2EC82F17BAC4F500CADDD2 /* optional.cpp */,
				CF565B5D17B91CAF000A4EDD /* string_view.cpp */,
				CFAC469919DF25EA00725AC5 /* tuple.cpp */,
			);
			path = xtd;
			sourceTree = "<group>";
		};
/* End PBXGroup section */

/* Begin PBXNativeTarget section */
		CF565A9817B8F151000A4EDD /* xtd-test */ = {
			isa = PBXNativeTarget;
			buildConfigurationList = CF565AA217B8F151000A4EDD /* Build configuration list for PBXNativeTarget "xtd-test" */;
			buildPhases = (
				CF565A9517B8F151000A4EDD /* Sources */,
				CF565A9617B8F151000A4EDD /* Frameworks */,
				CF565A9717B8F151000A4EDD /* CopyFiles */,
			);
			buildRules = (
			);
			dependencies = (
			);
			name = "xtd-test";
			productName = "xtd-test";
			productReference = CF565A9917B8F151000A4EDD /* xtd-test */;
			productType = "com.apple.product-type.tool";
		};
/* End PBXNativeTarget section */

/* Begin PBXProject section */
		CF565A9117B8F151000A4EDD /* Project object */ = {
			isa = PBXProject;
			attributes = {
				LastUpgradeCheck = 0600;
				ORGANIZATIONNAME = "Miro Knejp";
			};
			buildConfigurationList = CF565A9417B8F151000A4EDD /* Build configuration list for PBXProject "xtd-test" */;
			compatibilityVersion = "Xcode 3.2";
			developmentRegion = English;
			hasScannedForEncodings = 0;
			knownRegions = (
				en,
			);
			mainGroup = CF565A9017B8F151000A4EDD;
			productRefGroup = CF565A9A17B8F151000A4EDD /* Products */;
			projectDirPath = "";
			projectRoot = "";
			targets = (
				CF565A9817B8F151000A4EDD /* xtd-test */,
			);
		};
/* End PBXProject section */

/* Begin PBXSourcesBuildPhase section */
		CF565A9517B8F151000A4EDD /* Sources */ = {
			isa = PBXSourcesBuildPhase;
			buildActionMask = 2147483647;
			files = (
				CFAC8F4919DA6F3200A7E3C4 /* gmock-all.cc in Sources */,
				CF565B5917B91519000A4EDD /* main.cpp in Sources */,
				CFAC469A19DF25EA00725AC5 /* tuple.cpp in Sources */,
				CFAC8F4B19DA6F3F00A7E3C4 /* gtest-all.cc in Sources */,
				CF565B5E17B91CAF000A4EDD /* string_view.cpp in Sources */,
				CF2EC83017BAC4F500CADDD2 /* optional.cpp in Sources */,
			);
			runOnlyForDeploymentPostprocessing = 0;
		};
/* End PBXSourcesBuildPhase section */

/* Begin XCBuildConfiguration section */
		CF565AA017B8F151000A4EDD /* Debug */ = {
			isa = XCBuildConfiguration;
			buildSettings = {
				ALWAYS_SEARCH_USER_PATHS = NO;
				CLANG_CXX_LANGUAGE_STANDARD = "c++14";
				CLANG_CXX_LIBRARY = "libc++";
				CLANG_WARN_CONSTANT_CONVERSION = YES;
				CLANG_WARN_EMPTY_BODY = YES;
				CLANG_WARN_ENUM_CONVERSION = YES;
				CLANG_WARN_INT_CONVERSION = YES;
				CLANG_WARN__DUPLICATE_METHOD_MATCH = YES;
				COPY_PHASE_STRIP = NO;
				GCC_DYNAMIC_NO_PIC = NO;
				GCC_ENABLE_OBJC_EXCEPTIONS = YES;
				GCC_INLINES_ARE_PRIVATE_EXTERN = NO;
				GCC_OPTIMIZATION_LEVEL = 0;
				GCC_PREPROCESSOR_DEFINITIONS = (
					"DEBUG=1",
					"$(inherited)",
				);
				GCC_SYMBOLS_PRIVATE_EXTERN = NO;
				GCC_WARN_64_TO_32_BIT_CONVERSION = YES;
				GCC_WARN_ABOUT_RETURN_TYPE = YES;
				GCC_WARN_UNINITIALIZED_AUTOS = YES;
				GCC_WARN_UNUSED_VARIABLE = YES;
				HEADER_SEARCH_PATHS = (
					"$(inherited)",
					/Applications/Xcode.app/Contents/Developer/Toolchains/XcodeDefault.xctoolchain/usr/include,
					$SRCROOT/../../../,
					$SRCROOT/../../../utils/gmock/gtest/include,
					$SRCROOT/../../../utils/gmock/include,
				);
				MACOSX_DEPLOYMENT_TARGET = 10.7;
				ONLY_ACTIVE_ARCH = YES;
				SDKROOT = macosx;
				USER_HEADER_SEARCH_PATHS = "$SRCROOT/../../../utils/gmock/gtest $SRCROOT/../../../utils/gmock";
			};
			name = Debug;
		};
		CF565AA117B8F151000A4EDD /* Release */ = {
			isa = XCBuildConfiguration;
			buildSettings = {
				ALWAYS_SEARCH_USER_PATHS = NO;
				CLANG_CXX_LANGUAGE_STANDARD = "c++14";
				CLANG_CXX_LIBRARY = "libc++";
				CLANG_WARN_CONSTANT_CONVERSION = YES;
				CLANG_WARN_EMPTY_BODY = YES;
				CLANG_WARN_ENUM_CONVERSION = YES;
				CLANG_WARN_INT_CONVERSION = YES;
				CLANG_WARN__DUPLICATE_METHOD_MATCH = YES;
				COPY_PHASE_STRIP = YES;
				DEBUG_INFORMATION_FORMAT = "dwarf-with-dsym";
				GCC_ENABLE_OBJC_EXCEPTIONS = YES;
				GCC_INLINES_ARE_PRIVATE_EXTERN = NO;
				GCC_SYMBOLS_PRIVATE_EXTERN = NO;
				GCC_WARN_64_TO_32_BIT_CONVERSION = YES;
				GCC_WARN_ABOUT_RETURN_TYPE = YES;
				GCC_WARN_UNINITIALIZED_AUTOS = YES;
				GCC_WARN_UNUSED_VARIABLE = YES;
				HEADER_SEARCH_PATHS = (
					"$(inherited)",
					/Applications/Xcode.app/Contents/Developer/Toolchains/XcodeDefault.xctoolchain/usr/include,
					$SRCROOT/../../../,
					$SRCROOT/../../../utils/gmock/gtest/include,
					$SRCROOT/../../../utils/gmock/include,
				);
				MACOSX_DEPLOYMENT_TARGET = 10.7;
				SDKROOT = macosx;
				USER_HEADER_SEARCH_PATHS = "$SRCROOT/../../../utils/gmock/gtest $SRCROOT/../../../utils/gmock";
			};
			name = Release;
		};
		CF565AA317B8F151000A4EDD /* Debug */ = {
			isa = XCBuildConfiguration;
			buildSettings = {
				PRODUCT_NAME = "$(TARGET_NAME)";
			};
			name = Debug;
		};
		CF565AA417B8F151000A4EDD /* Release */ = {
			isa = XCBuildConfiguration;
			buildSettings = {
				PRODUCT_NAME = "$(TARGET_NAME)";
			};
			name = Release;
		};
/* End XCBuildConfiguration section */

/* Begin XCConfigurationList section */
		CF565A9417B8F151000A4EDD /* Build configuration list for PBXProject "xtd-test" */ = {
			isa = XCConfigurationList;
			buildConfigurations = (
				CF565AA017B8F151000A4EDD /* Debug */,
				CF565AA117B8F151000A4EDD /* Release */,
			);
			defaultConfigurationIsVisible = 0;
			defaultConfigurationName = Release;
		};
		CF565AA217B8F151000A4EDD /* Build configuration list for PBXNativeTarget "xtd-test" */ = {
			isa = XCConfigurationList;
			buildConfigurations = (
				CF565AA317B8F151000A4EDD /* Debug */,
				CF565AA417B8F151000A4EDD /* Release */,
			);
			defaultConfigurationIsVisible = 0;
			defaultConfigurationName = Release;
		};
/* End XCConfigurationList section */
	};
	rootObject = CF565A9117B8F151000A4EDD /* Project object */;
}
